
Microsoft Visual Studio Solution File, Format Version 12.00
# Visual Studio Version 17
VisualStudioVersion = 17.6.33723.286
MinimumVisualStudioVersion = 10.0.40219.1
Project("{FAE04EC0-301F-11D3-BF4B-00C04F79EFBC}") = "Motian.Android", "Motian\Motian.Android\Motian.Android.csproj", "{61F945B5-C45B-4CED-8407-DEBFE5EF2DF6}"
EndProject
Project("{FAE04EC0-301F-11D3-BF4B-00C04F79EFBC}") = "Motian.iOS", "Motian\Motian.iOS\Motian.iOS.csproj", "{A7D44A91-3290-42B6-AFFF-4A7EBE1A126C}"
EndProject
Project("{FAE04EC0-301F-11D3-BF4B-00C04F79EFBC}") = "Motian", "Motian\Motian\Motian.csproj", "{2487FE9E-79CE-416A-8708-ACA0DB7ACE17}"
EndProject
Global
	GlobalSection(SolutionConfigurationPlatforms) = preSolution
		Debug|Any CPU = Debug|Any CPU
		Debug|iPhone = Debug|iPhone
		Debug|iPhoneSimulator = Debug|iPhoneSimulator
		Release|Any CPU = Release|Any CPU
		Release|iPhone = Release|iPhone
		Release|iPhoneSimulator = Release|iPhoneSimulator
	EndGlobalSection
	GlobalSection(ProjectConfigurationPlatforms) = postSolution
		{61F945B5-C45B-4CED-8407-DEBFE5EF2DF6}.Debug|Any CPU.ActiveCfg = Debug|Any CPU
		{61F945B5-C45B-4CED-8407-DEBFE5EF2DF6}.Debug|Any CPU.Build.0 = Debug|Any CPU
		{61F945B5-C45B-4CED-8407-DEBFE5EF2DF6}.Debug|Any CPU.Deploy.0 = Debug|Any CPU
		{61F945B5-C45B-4CED-8407-DEBFE5EF2DF6}.Debug|iPhone.ActiveCfg = Debug|Any CPU
		{61F945B5-C45B-4CED-8407-DEBFE5EF2DF6}.Debug|iPhone.Build.0 = Debug|Any CPU
		{61F945B5-C45B-4CED-8407-DEBFE5EF2DF6}.Debug|iPhone.Deploy.0 = Debug|Any CPU
		{61F945B5-C45B-4CED-8407-DEBFE5EF2DF6}.Debug|iPhoneSimulator.ActiveCfg = Debug|Any CPU
		{61F945B5-C45B-4CED-8407-DEBFE5EF2DF6}.Debug|iPhoneSimulator.Build.0 = Debug|Any CPU
		{61F945B5-C45B-4CED-8407-DEBFE5EF2DF6}.Debug|iPhoneSimulator.Deploy.0 = Debug|Any CPU
		{61F945B5-C45B-4CED-8407-DEBFE5EF2DF6}.Release|Any CPU.ActiveCfg = Release|Any CPU
		{61F945B5-C45B-4CED-8407-DEBFE5EF2DF6}.Release|Any CPU.Build.0 = Release|Any CPU
		{61F945B5-C45B-4CED-8407-DEBFE5EF2DF6}.Release|Any CPU.Deploy.0 = Release|Any CPU
		{61F945B5-C45B-4CED-8407-DEBFE5EF2DF6}.Release|iPhone.ActiveCfg = Release|Any CPU
		{61F945B5-C45B-4CED-8407-DEBFE5EF2DF6}.Release|iPhone.Build.0 = Release|Any CPU
		{61F945B5-C45B-4CED-8407-DEBFE5EF2DF6}.Release|iPhone.Deploy.0 = Release|Any CPU
		{61F945B5-C45B-4CED-8407-DEBFE5EF2DF6}.Release|iPhoneSimulator.ActiveCfg = Release|Any CPU
		{61F945B5-C45B-4CED-8407-DEBFE5EF2DF6}.Release|iPhoneSimulator.Build.0 = Release|Any CPU
		{61F945B5-C45B-4CED-8407-DEBFE5EF2DF6}.Release|iPhoneSimulator.Deploy.0 = Release|Any CPU
		{A7D44A91-3290-42B6-AFFF-4A7EBE1A126C}.Debug|Any CPU.ActiveCfg = Debug|iPhone
		{A7D44A91-3290-42B6-AFFF-4A7EBE1A126C}.Debug|Any CPU.Build.0 = Debug|iPhone
		{A7D44A91-3290-42B6-AFFF-4A7EBE1A126C}.Debug|Any CPU.Deploy.0 = Debug|iPhone
		{A7D44A91-3290-42B6-AFFF-4A7EBE1A126C}.Debug|iPhone.ActiveCfg = Debug|iPhone
		{A7D44A91-3290-42B6-AFFF-4A7EBE1A126C}.Debug|iPhone.Build.0 = Debug|iPhone
		{A7D44A91-3290-42B6-AFFF-4A7EBE1A126C}.Debug|iPhone.Deploy.0 = Debug|iPhone
		{A7D44A91-3290-42B6-AFFF-4A7EBE1A126C}.Debug|iPhoneSimulator.ActiveCfg = Debug|iPhoneSimulator
		{A7D44A91-3290-42B6-AFFF-4A7EBE1A126C}.Debug|iPhoneSimulator.Build.0 = Debug|iPhoneSimulator
		{A7D44A91-3290-42B6-AFFF-4A7EBE1A126C}.Debug|iPhoneSimulator.Deploy.0 = Debug|iPhoneSimulator
		{A7D44A91-3290-42B6-AFFF-4A7EBE1A126C}.Release|Any CPU.ActiveCfg = Release|iPhoneSimulator
		{A7D44A91-3290-42B6-AFFF-4A7EBE1A126C}.Release|Any CPU.Build.0 = Release|iPhoneSimulator
		{A7D44A91-3290-42B6-AFFF-4A7EBE1A126C}.Release|Any CPU.Deploy.0 = Release|iPhoneSimulator
		{A7D44A91-3290-42B6-AFFF-4A7EBE1A126C}.Release|iPhone.ActiveCfg = Release|iPhone
		{A7D44A91-3290-42B6-AFFF-4A7EBE1A126C}.Release|iPhone.Build.0 = Release|iPhone
		{A7D44A91-3290-42B6-AFFF-4A7EBE1A126C}.Release|iPhone.Deploy.0 = Release|iPhone
		{A7D44A91-3290-42B6-AFFF-4A7EBE1A126C}.Release|iPhoneSimulator.ActiveCfg = Release|iPhoneSimulator
		{A7D44A91-3290-42B6-AFFF-4A7EBE1A126C}.Release|iPhoneSimulator.Build.0 = Release|iPhoneSimulator
		{A7D44A91-3290-42B6-AFFF-4A7EBE1A126C}.Release|iPhoneSimulator.Deploy.0 = Release|iPhoneSimulator
		{2487FE9E-79CE-416A-8708-ACA0DB7ACE17}.Debug|Any CPU.ActiveCfg = Debug|Any CPU
		{2487FE9E-79CE-416A-8708-ACA0DB7ACE17}.Debug|Any CPU.Build.0 = Debug|Any CPU
		{2487FE9E-79CE-416A-8708-ACA0DB7ACE17}.Debug|Any CPU.Deploy.0 = Debug|Any CPU
		{2487FE9E-79CE-416A-8708-ACA0DB7ACE17}.Debug|iPhone.ActiveCfg = Debug|Any CPU
		{2487FE9E-79CE-416A-8708-ACA0DB7ACE17}.Debug|iPhone.Build.0 = Debug|Any CPU
		{2487FE9E-79CE-416A-8708-ACA0DB7ACE17}.Debug|iPhone.Deploy.0 = Debug|Any CPU
		{2487FE9E-79CE-416A-8708-ACA0DB7ACE17}.Debug|iPhoneSimulator.ActiveCfg = Debug|Any CPU
		{2487FE9E-79CE-416A-8708-ACA0DB7ACE17}.Debug|iPhoneSimulator.Build.0 = Debug|Any CPU
		{2487FE9E-79CE-416A-8708-ACA0DB7ACE17}.Debug|iPhoneSimulator.Deploy.0 = Debug|Any CPU
		{2487FE9E-79CE-416A-8708-ACA0DB7ACE17}.Release|Any CPU.ActiveCfg = Release|Any CPU
		{2487FE9E-79CE-416A-8708-ACA0DB7ACE17}.Release|Any CPU.Build.0 = Release|Any CPU
		{2487FE9E-79CE-416A-8708-ACA0DB7ACE17}.Release|Any CPU.Deploy.0 = Release|Any CPU
		{2487FE9E-79CE-416A-8708-ACA0DB7ACE17}.Release|iPhone.ActiveCfg = Release|Any CPU
		{2487FE9E-79CE-416A-8708-ACA0DB7ACE17}.Release|iPhone.Build.0 = Release|Any CPU
		{2487FE9E-79CE-416A-8708-ACA0DB7ACE17}.Release|iPhone.Deploy.0 = Release|Any CPU
		{2487FE9E-79CE-416A-8708-ACA0DB7ACE17}.Release|iPhoneSimulator.ActiveCfg = Release|Any CPU
		{2487FE9E-79CE-416A-8708-ACA0DB7ACE17}.Release|iPhoneSimulator.Build.0 = Release|Any CPU
		{2487FE9E-79CE-416A-8708-ACA0DB7ACE17}.Release|iPhoneSimulator.Deploy.0 = Release|Any CPU
	EndGlobalSection
	GlobalSection(SolutionProperties) = preSolution
		HideSolutionNode = FALSE
	EndGlobalSection
	GlobalSection(ExtensibilityGlobals) = postSolution
		SolutionGuid = {18C1802D-A9CE-44BA-B165-CCBDFA5D7B1F}
	EndGlobalSection
EndGlobal
